[[package]]
name = "cachetools"
version = "5.2.0"
requires_python = "~=3.7"
summary = "Extensible memoizing collections and decorators"

[[package]]
name = "certifi"
version = "2022.9.24"
requires_python = ">=3.6"
summary = "Python package for providing Mozilla's CA Bundle."

[[package]]
name = "charset-normalizer"
version = "2.1.1"
requires_python = ">=3.6.0"
summary = "The Real First Universal Charset Detector. Open, modern and actively maintained alternative to Chardet."

[[package]]
name = "google-api-core"
version = "2.10.2"
requires_python = ">=3.7"
summary = "Google API client core library"
dependencies = [
    "google-auth<3.0dev,>=1.25.0",
    "googleapis-common-protos<2.0dev,>=1.56.2",
    "protobuf!=3.20.0,!=3.20.1,!=4.21.0,!=4.21.1,!=4.21.2,!=4.21.3,!=4.21.4,!=4.21.5,<5.0.0dev,>=3.19.5",
    "requests<3.0.0dev,>=2.18.0",
]

[[package]]
name = "google-auth"
version = "2.14.0"
requires_python = ">=2.7,!=3.0.*,!=3.1.*,!=3.2.*,!=3.3.*,!=3.4.*,!=3.5.*"
summary = "Google Authentication Library"
dependencies = [
    "cachetools<6.0,>=2.0.0",
    "pyasn1-modules>=0.2.1",
    "rsa<5,>=3.1.4; python_version >= \"3.6\"",
    "six>=1.9.0",
]

[[package]]
name = "google-cloud-core"
version = "2.3.2"
requires_python = ">=3.7"
summary = "Google Cloud API client core library"
dependencies = [
    "google-api-core!=2.0.*,!=2.1.*,!=2.2.*,!=2.3.0,<3.0.0dev,>=1.31.6",
    "google-auth<3.0dev,>=1.25.0",
]

[[package]]
name = "google-cloud-storage"
version = "2.5.0"
requires_python = ">=3.7"
summary = "Google Cloud Storage API client library"
dependencies = [
    "google-api-core!=2.0.*,!=2.1.*,!=2.2.*,!=2.3.0,<3.0.0dev,>=1.31.5",
    "google-auth<3.0dev,>=1.25.0",
    "google-cloud-core<3.0dev,>=2.3.0",
    "google-resumable-media>=2.3.2",
    "requests<3.0.0dev,>=2.18.0",
]

[[package]]
name = "google-crc32c"
version = "1.5.0"
requires_python = ">=3.7"
summary = "A python wrapper of the C library 'Google CRC32C'"

[[package]]
name = "google-resumable-media"
version = "2.4.0"
requires_python = ">= 3.7"
summary = "Utilities for Google Media Downloads and Resumable Uploads"
dependencies = [
    "google-crc32c<2.0dev,>=1.0",
]

[[package]]
name = "googleapis-common-protos"
version = "1.56.4"
requires_python = ">=3.7"
summary = "Common protobufs used in Google APIs"
dependencies = [
    "protobuf<5.0.0dev,>=3.15.0",
]

[[package]]
name = "idna"
version = "3.4"
requires_python = ">=3.5"
summary = "Internationalized Domain Names in Applications (IDNA)"

[[package]]
name = "protobuf"
version = "4.21.9"
requires_python = ">=3.7"
summary = ""

[[package]]
name = "pyasn1"
version = "0.4.8"
summary = "ASN.1 types and codecs"

[[package]]
name = "pyasn1-modules"
version = "0.2.8"
summary = "A collection of ASN.1-based protocols modules."
dependencies = [
    "pyasn1<0.5.0,>=0.4.6",
]

[[package]]
name = "python-dateutil"
version = "2.8.2"
requires_python = "!=3.0.*,!=3.1.*,!=3.2.*,>=2.7"
summary = "Extensions to the standard Python datetime module"
dependencies = [
    "six>=1.5",
]

[[package]]
name = "pytz"
version = "2022.6"
summary = "World timezone definitions, modern and historical"

[[package]]
name = "requests"
version = "2.28.1"
requires_python = ">=3.7, <4"
summary = "Python HTTP for Humans."
dependencies = [
    "certifi>=2017.4.17",
    "charset-normalizer<3,>=2",
    "idna<4,>=2.5",
    "urllib3<1.27,>=1.21.1",
]

[[package]]
name = "rsa"
version = "4.9"
requires_python = ">=3.6,<4"
summary = "Pure-Python RSA implementation"
dependencies = [
    "pyasn1>=0.1.3",
]

[[package]]
name = "six"
version = "1.16.0"
requires_python = ">=2.7, !=3.0.*, !=3.1.*, !=3.2.*"
summary = "Python 2 and 3 compatibility utilities"

[[package]]
name = "urllib3"
version = "1.26.12"
requires_python = ">=2.7, !=3.0.*, !=3.1.*, !=3.2.*, !=3.3.*, !=3.4.*, !=3.5.*, <4"
summary = "HTTP library with thread-safe connection pooling, file post, and more."

[[package]]
name = "zenpy"
version = "2.0.25"
summary = "Python wrapper for the Zendesk API"
dependencies = [
    "cachetools>=3.1.0",
    "python-dateutil>=2.7.5",
    "pytz>=2018.9",
    "requests>=2.14.2",
    "six>=1.14.0",
]

[metadata]
lock_version = "4.0"
content_hash = "sha256:e77a15a7f7f4e5222b503d62e7f26b98c3e1dc79932965fff3e6fa9988ef0b2f"

[metadata.files]
"cachetools 5.2.0" = [
    {url = "https://files.pythonhosted.org/packages/68/aa/5fc646cae6e997c3adf3b0a7e257cda75cff21fcba15354dffd67789b7bb/cachetools-5.2.0-py3-none-any.whl", hash = "sha256:f9f17d2aec496a9aa6b76f53e3b614c965223c061982d434d160f930c698a9db"},
    {url = "https://files.pythonhosted.org/packages/c2/6f/278225c5a070a18a76f85db5f1238f66476579fa9b04cda3722331dcc90f/cachetools-5.2.0.tar.gz", hash = "sha256:6a94c6402995a99c3970cc7e4884bb60b4a8639938157eeed436098bf9831757"},
]
"certifi 2022.9.24" = [
    {url = "https://files.pythonhosted.org/packages/1d/38/fa96a426e0c0e68aabc68e896584b83ad1eec779265a028e156ce509630e/certifi-2022.9.24-py3-none-any.whl", hash = "sha256:90c1a32f1d68f940488354e36370f6cca89f0f106db09518524c88d6ed83f382"},
    {url = "https://files.pythonhosted.org/packages/cb/a4/7de7cd59e429bd0ee6521ba58a75adaec136d32f91a761b28a11d8088d44/certifi-2022.9.24.tar.gz", hash = "sha256:0d9c601124e5a6ba9712dbc60d9c53c21e34f5f641fe83002317394311bdce14"},
]
"charset-normalizer 2.1.1" = [
    {url = "https://files.pythonhosted.org/packages/a1/34/44964211e5410b051e4b8d2869c470ae8a68ae274953b1c7de6d98bbcf94/charset-normalizer-2.1.1.tar.gz", hash = "sha256:5a3d016c7c547f69d6f81fb0db9449ce888b418b5b9952cc5e6e66843e9dd845"},
    {url = "https://files.pythonhosted.org/packages/db/51/a507c856293ab05cdc1db77ff4bc1268ddd39f29e7dc4919aa497f0adbec/charset_normalizer-2.1.1-py3-none-any.whl", hash = "sha256:83e9a75d1911279afd89352c68b45348559d1fc0506b054b346651b5e7fee29f"},
]
"google-api-core 2.10.2" = [
    {url = "https://files.pythonhosted.org/packages/15/fb/b641357b0f8fc540c766bc8f66048de0398d0a3e0cad7c4a08e2fbee733a/google_api_core-2.10.2-py3-none-any.whl", hash = "sha256:34f24bd1d5f72a8c4519773d99ca6bf080a6c4e041b4e9f024fe230191dda62e"},
    {url = "https://files.pythonhosted.org/packages/fe/d6/5dd223fc5cb476ab62966849f3e6466056799dbfc005d74da800eb097f7d/google-api-core-2.10.2.tar.gz", hash = "sha256:10c06f7739fe57781f87523375e8e1a3a4674bf6392cd6131a3222182b971320"},
]
"google-auth 2.14.0" = [
    {url = "https://files.pythonhosted.org/packages/6a/da/e02110f71cb3fc3134bd1984ed9a531557bdf32c8c34ed1d6a2ec33f88a6/google_auth-2.14.0-py2.py3-none-any.whl", hash = "sha256:1ad5b0e6eba5f69645971abb3d2c197537d5914070a8c6d30299dfdb07c5c700"},
    {url = "https://files.pythonhosted.org/packages/e5/f9/47e309e4df306111d94ae8879c5677fa41f92f4e1fe4a33141086057dcff/google-auth-2.14.0.tar.gz", hash = "sha256:cf24817855d874ede2efd071aa22125445f555de1685b739a9782fcf408c2a3d"},
]
"google-cloud-core 2.3.2" = [
    {url = "https://files.pythonhosted.org/packages/40/4b/f4cebb92fe965f02f4a9c06f16355cf83a61a2d5db110df9af71191c830a/google-cloud-core-2.3.2.tar.gz", hash = "sha256:b9529ee7047fd8d4bf4a2182de619154240df17fbe60ead399078c1ae152af9a"},
    {url = "https://files.pythonhosted.org/packages/ac/4d/bae84e736080ed465a6b02e9f447c89c60c00fcdade2eb6911fecf3f46aa/google_cloud_core-2.3.2-py2.py3-none-any.whl", hash = "sha256:8417acf6466be2fa85123441696c4badda48db314c607cf1e5d543fa8bdc22fe"},
]
"google-cloud-storage 2.5.0" = [
    {url = "https://files.pythonhosted.org/packages/b3/bf/ae046b7499480a2d84f3385a5abe198122eae338ad224c7f2b6a8a4b48ff/google_cloud_storage-2.5.0-py2.py3-none-any.whl", hash = "sha256:19a26c66c317ce542cea0830b7e787e8dac2588b6bfa4d3fd3b871ba16305ab0"},
    {url = "https://files.pythonhosted.org/packages/e0/58/618be066ba3f38b9cc6c8ce0a4b7356707408b80fd80433cd821a108bae2/google-cloud-storage-2.5.0.tar.gz", hash = "sha256:382f34b91de2212e3c2e7b40ec079d27ee2e3dbbae99b75b1bcd8c63063ce235"},
]
"google-crc32c 1.5.0" = [
    {url = "https://files.pythonhosted.org/packages/02/94/d2ea867760d5a27b3e9eb40ff31faf7f03f949e51d4e3b3ae24f759b5963/google_crc32c-1.5.0-cp311-cp311-musllinux_1_1_x86_64.whl", hash = "sha256:72218785ce41b9cfd2fc1d6a017dc1ff7acfc4c17d01053265c41a2c0cc39b8c"},
    {url = "https://files.pythonhosted.org/packages/08/05/f143e453787b05958a53b226f4f0e1d11ee2d6765c15b24b9ab9d0271875/google_crc32c-1.5.0-pp37-pypy37_pp73-manylinux_2_17_x86_64.manylinux2014_x86_64.whl", hash = "sha256:b8667b48e7a7ef66afba2c81e1094ef526388d35b873966d8a9a447974ed9178"},
    {url = "https://files.pythonhosted.org/packages/08/08/ee1c27ac7120c599bb51e09c5bfc3be618cedf34f73b21d0a6455f81f236/google_crc32c-1.5.0-pp39-pypy39_pp73-manylinux_2_17_i686.manylinux2014_i686.whl", hash = "sha256:272d3892a1e1a2dbc39cc5cde96834c236d5327e2122d3aaa19f6614531bb6eb"},
    {url = "https://files.pythonhosted.org/packages/0c/1d/5e1eda168f85452609873fc8c0c4e85e0b8a19958e81e5b4bfc681ca3879/google_crc32c-1.5.0-pp39-pypy39_pp73-manylinux_2_17_aarch64.manylinux2014_aarch64.whl", hash = "sha256:9ba053c5f50430a3fcfd36f75aff9caeba0440b2d076afdb79a318d6ca245f88"},
    {url = "https://files.pythonhosted.org/packages/0e/9a/c43c9e80d65c5e004569047e3cc5e851c9e283c47381e8472028bf025590/google_crc32c-1.5.0-pp39-pypy39_pp73-win_amd64.whl", hash = "sha256:c672d99a345849301784604bfeaeba4db0c7aae50b95be04dd651fd2a7310b93"},
    {url = "https://files.pythonhosted.org/packages/0f/99/e7e288f1b50baf4964ff39fa79d9259d004ae44db35c8280ff4ffea362d5/google_crc32c-1.5.0-cp311-cp311-musllinux_1_1_aarch64.whl", hash = "sha256:f583edb943cf2e09c60441b910d6a20b4d9d626c75a36c8fcac01a6c96c01183"},
    {url = "https://files.pythonhosted.org/packages/13/6f/3ac9e55162d6f40b5893afc796b44624cf76c64aea63bea4ba52ff4f5f39/google_crc32c-1.5.0-cp37-cp37m-win32.whl", hash = "sha256:d3515f198eaa2f0ed49f8819d5732d70698c3fa37384146079b3799b97667a94"},
    {url = "https://files.pythonhosted.org/packages/1c/8f/f3c495b77d8c50e4d1926c50844d36f46216973694f795b0d73bbc322f97/google_crc32c-1.5.0-cp39-cp39-musllinux_1_1_i686.whl", hash = "sha256:8b87e1a59c38f275c0e3676fc2ab6d59eccecfd460be267ac360cc31f7bcde96"},
    {url = "https://files.pythonhosted.org/packages/1d/f2/d2933d57f31a637af3e9e3c9671aed25b888991335bac8db2d492422f1c2/google_crc32c-1.5.0-cp38-cp38-musllinux_1_1_aarch64.whl", hash = "sha256:4c6fdd4fccbec90cc8a01fc00773fcd5fa28db683c116ee3cb35cd5da9ef6c37"},
    {url = "https://files.pythonhosted.org/packages/1e/48/f06dd28f26bf7b0b33aeca91a6d7379953e2692081e63351cb4c6ac5fdda/google_crc32c-1.5.0-cp38-cp38-manylinux_2_17_aarch64.manylinux2014_aarch64.whl", hash = "sha256:84e6e8cd997930fc66d5bb4fde61e2b62ba19d62b7abd7a69920406f9ecca946"},
    {url = "https://files.pythonhosted.org/packages/1e/a2/b1de9a4f22fdd4ad34e084555a4a34da430ee69a47b71fff23f3309d6abf/google_crc32c-1.5.0-cp39-cp39-manylinux_2_17_x86_64.manylinux2014_x86_64.whl", hash = "sha256:e1674e4307fa3024fc897ca774e9c7562c957af85df55efe2988ed9056dc4e57"},
    {url = "https://files.pythonhosted.org/packages/1f/6b/fcd4744a020fa7bfb1a451b0be22b3e5a4cb28bafaaf01467d2e9402b96b/google_crc32c-1.5.0-cp310-cp310-win_amd64.whl", hash = "sha256:07eb3c611ce363c51a933bf6bd7f8e3878a51d124acfc89452a75120bc436289"},
    {url = "https://files.pythonhosted.org/packages/23/f8/a6e6304484d72a53c80bbcbe2225c29dfe5cbe17aa1d45ed5c906929025b/google_crc32c-1.5.0-cp39-cp39-macosx_10_9_universal2.whl", hash = "sha256:c6c777a480337ac14f38564ac88ae82d4cd238bf293f0a22295b66eb89ffced7"},
    {url = "https://files.pythonhosted.org/packages/24/f0/1ef67cfe874a569d309d5aa8bf4004e22257034fc00d7657a9dac0370373/google_crc32c-1.5.0-cp37-cp37m-musllinux_1_1_aarch64.whl", hash = "sha256:3359fc442a743e870f4588fcf5dcbc1bf929df1fad8fb9905cd94e5edb02e84c"},
    {url = "https://files.pythonhosted.org/packages/29/93/0934093fbd214ac9d45dce8306e8a1d4b1da83b1d8392caa3e52d3e4c90b/google_crc32c-1.5.0-cp39-cp39-win_amd64.whl", hash = "sha256:a2355cba1f4ad8b6988a4ca3feed5bff33f6af2d7f134852cf279c2aebfde541"},
    {url = "https://files.pythonhosted.org/packages/2c/8d/8eb582e052b2c588111f1d697847cf2409bb6e6d8eed8e5b6e3a70db0218/google_crc32c-1.5.0-cp37-cp37m-manylinux_2_17_x86_64.manylinux2014_x86_64.whl", hash = "sha256:02c65b9817512edc6a4ae7c7e987fea799d2e0ee40c53ec573a692bee24de876"},
    {url = "https://files.pythonhosted.org/packages/34/c6/27be6fc6cbfebff08f63c2017fe885932b3387b45a0013b772f9beac7c01/google_crc32c-1.5.0-cp310-cp310-manylinux_2_17_aarch64.manylinux2014_aarch64.whl", hash = "sha256:461665ff58895f508e2866824a47bdee72497b091c730071f2b7575d5762ab65"},
    {url = "https://files.pythonhosted.org/packages/3f/a7/d9709429d1eae1c4907b3b9aab866de26acc5ca42c4237d216acf0b7033a/google_crc32c-1.5.0-cp310-cp310-musllinux_1_1_x86_64.whl", hash = "sha256:02ebb8bf46c13e36998aeaad1de9b48f4caf545e91d14041270d9dca767b780c"},
    {url = "https://files.pythonhosted.org/packages/41/3f/8141b03ad127fc569c3efda2bfe31d64665e02e2b8b7fbf7b25ea914c27a/google_crc32c-1.5.0-cp311-cp311-macosx_10_9_x86_64.whl", hash = "sha256:1034d91442ead5a95b5aaef90dbfaca8633b0247d1e41621d1e9f9db88c36298"},
    {url = "https://files.pythonhosted.org/packages/42/28/1eb1aba5afaf7c8f668c7d493eff003ae8613d47b71e15a60ab65e25c997/google_crc32c-1.5.0-pp37-pypy37_pp73-macosx_10_9_x86_64.whl", hash = "sha256:f314013e7dcd5cf45ab1945d92e713eec788166262ae8deb2cfacd53def27325"},
    {url = "https://files.pythonhosted.org/packages/45/b8/e8de2b6d45d9ca777469ebf6f66137fe393c61175e9717805f924ee81e88/google_crc32c-1.5.0-pp38-pypy38_pp73-manylinux_2_17_x86_64.manylinux2014_x86_64.whl", hash = "sha256:cd67cf24a553339d5062eff51013780a00d6f97a39ca062781d06b3a73b15462"},
    {url = "https://files.pythonhosted.org/packages/4a/1f/2182df8cbd52dca8a54957ebb979f3844e244be1a9eeef69c36c9ea74e70/google_crc32c-1.5.0-cp39-cp39-manylinux_2_17_i686.manylinux2014_i686.whl", hash = "sha256:e560628513ed34759456a416bf86b54b2476c59144a9138165c9a1575801d0d9"},
    {url = "https://files.pythonhosted.org/packages/4b/9d/25cfb36f8e6fb0dd47e0ce368762a3ce371ed84d888acd8865a182f8169a/google_crc32c-1.5.0-cp39-cp39-manylinux_2_5_x86_64.manylinux1_x86_64.whl", hash = "sha256:278d2ed7c16cfc075c91378c4f47924c0625f5fc84b2d50d921b18b7975bd210"},
    {url = "https://files.pythonhosted.org/packages/56/4f/cfde2048fffdfe63ef35b3acb2e463c341e186d697e798883833bcd0cfdb/google_crc32c-1.5.0-cp38-cp38-musllinux_1_1_i686.whl", hash = "sha256:5ae44e10a8e3407dbe138984f21e536583f2bba1be9491239f942c2464ac0894"},
    {url = "https://files.pythonhosted.org/packages/58/47/5374e1e82d2337a02506a339b1769a5af5f56abaa41bdc0a38885b7c014a/google_crc32c-1.5.0-pp39-pypy39_pp73-macosx_10_9_x86_64.whl", hash = "sha256:b1f8133c9a275df5613a451e73f36c2aea4fe13c5c8997e22cf355ebd7bd0728"},
    {url = "https://files.pythonhosted.org/packages/58/50/f8f0a69f129473018e19de86d599781b863ce5017b325a554013a87f5522/google_crc32c-1.5.0-cp37-cp37m-musllinux_1_1_x86_64.whl", hash = "sha256:de06adc872bcd8c2a4e0dc51250e9e65ef2ca91be023b9d13ebd67c2ba552e1e"},
    {url = "https://files.pythonhosted.org/packages/5a/4a/999197b83bb5d24928a3cba2e59d3830910df5bd5f3c7a5253e623d8f9c3/google_crc32c-1.5.0-pp38-pypy38_pp73-win_amd64.whl", hash = "sha256:398af5e3ba9cf768787eef45c803ff9614cc3e22a5b2f7d7ae116df8b11e3314"},
    {url = "https://files.pythonhosted.org/packages/5a/6b/882314bb535e44bb5578d60859497c5b9d82103960f3b6ecdaf42d3fab34/google_crc32c-1.5.0-cp310-cp310-win32.whl", hash = "sha256:2e920d506ec85eb4ba50cd4228c2bec05642894d4c73c59b3a2fe20346bd00ee"},
    {url = "https://files.pythonhosted.org/packages/5b/28/38353a232bdd1b3bca3732cd0a87dc2ee5bec2ce149cbacadfd47066c97e/google_crc32c-1.5.0-pp38-pypy38_pp73-macosx_10_9_x86_64.whl", hash = "sha256:6f998db4e71b645350b9ac28a2167e6632c239963ca9da411523bb439c5c514d"},
    {url = "https://files.pythonhosted.org/packages/69/0f/7f89ae2b22c55273110a44a7ed55a2948bc213fb58983093fbefcdfd2d13/google_crc32c-1.5.0-cp311-cp311-macosx_10_9_universal2.whl", hash = "sha256:cae0274952c079886567f3f4f685bcaf5708f0a23a5f5216fdab71f81a6c0273"},
    {url = "https://files.pythonhosted.org/packages/69/59/08ef90c8c0ad56e1903895dd419749dc9cd77617b4c05f513c205de8f1fd/google_crc32c-1.5.0-cp39-cp39-manylinux_2_17_aarch64.manylinux2014_aarch64.whl", hash = "sha256:f13cae8cc389a440def0c8c52057f37359014ccbc9dc1f0827936bcd367c6100"},
    {url = "https://files.pythonhosted.org/packages/72/92/2a2fa23db7d0b0382accbdf09768c28f7c07fc8c354cdcf2f44a47f4314e/google_crc32c-1.5.0-cp311-cp311-manylinux_2_17_x86_64.manylinux2014_x86_64.whl", hash = "sha256:77e2fd3057c9d78e225fa0a2160f96b64a824de17840351b26825b0848022906"},
    {url = "https://files.pythonhosted.org/packages/77/1a/cb80480e05bc5f8710be7a7ca2e2ce266006ee5aef42190749beffc65a21/google_crc32c-1.5.0-cp37-cp37m-manylinux_2_5_x86_64.manylinux1_x86_64.whl", hash = "sha256:6ac08d24c1f16bd2bf5eca8eaf8304812f44af5cfe5062006ec676e7e1d50afc"},
    {url = "https://files.pythonhosted.org/packages/7c/5e/964aee31aa04921a13fb923a07d30ffde5a2bc9151273203eb4407607e84/google_crc32c-1.5.0-cp38-cp38-macosx_10_9_x86_64.whl", hash = "sha256:edfedb64740750e1a3b16152620220f51d58ff1b4abceb339ca92e934775c27a"},
    {url = "https://files.pythonhosted.org/packages/7e/ee/998646a47a747c099acd236f77100728fc9dc8e712e3c3d10583e14361e5/google_crc32c-1.5.0-pp37-pypy37_pp73-win_amd64.whl", hash = "sha256:1c7abdac90433b09bad6c43a43af253e688c9cfc1c86d332aed13f9a7c7f65e2"},
    {url = "https://files.pythonhosted.org/packages/82/d8/ee36a80de9f381ce267adcc9b8c252d3f7f15fecff164389217a3e515774/google_crc32c-1.5.0-cp39-cp39-musllinux_1_1_x86_64.whl", hash = "sha256:7c074fece789b5034b9b1404a1f8208fc2d4c6ce9decdd16e8220c5a793e6f61"},
    {url = "https://files.pythonhosted.org/packages/88/ea/e53fbafcd0be2349d9c2a6912646cdfc47cfc5c22be9a8a5156552e33821/google_crc32c-1.5.0-cp311-cp311-musllinux_1_1_i686.whl", hash = "sha256:a1fd716e7a01f8e717490fbe2e431d2905ab8aa598b9b12f8d10abebb36b04dd"},
    {url = "https://files.pythonhosted.org/packages/8b/08/7d4e899a866df7217a3bed6de436139ae789f651dda3b9f6e84d31f0989f/google_crc32c-1.5.0-pp38-pypy38_pp73-manylinux_2_17_i686.manylinux2014_i686.whl", hash = "sha256:2ad40e31093a4af319dadf503b2467ccdc8f67c72e4bcba97f8c10cb078207b5"},
    {url = "https://files.pythonhosted.org/packages/94/c9/b0563fe4b331f89b2da88906aaaa3aac125766bd8a7d2ea606b4c2ec337e/google_crc32c-1.5.0-cp38-cp38-manylinux_2_5_x86_64.manylinux1_x86_64.whl", hash = "sha256:83c681c526a3439b5cf94f7420471705bbf96262f49a6fe546a6db5f687a3d4a"},
    {url = "https://files.pythonhosted.org/packages/97/8e/e8ebb46a7ec0b995746fc995a2f625c7b34777a40e4e5728db0055d0b072/google_crc32c-1.5.0-cp37-cp37m-manylinux_2_17_aarch64.manylinux2014_aarch64.whl", hash = "sha256:fd8536e902db7e365f49e7d9029283403974ccf29b13fc7028b97e2295b33556"},
    {url = "https://files.pythonhosted.org/packages/98/75/c208efbd782d8816eee355671e38c5e4684d7536b6633e47a5233e902533/google_crc32c-1.5.0-pp37-pypy37_pp73-manylinux_2_17_aarch64.manylinux2014_aarch64.whl", hash = "sha256:3b747a674c20a67343cb61d43fdd9207ce5da6a99f629c6e2541aa0e89215bcd"},
    {url = "https://files.pythonhosted.org/packages/9f/f2/f7f130a11bac632287659c1df246400350c2554fb3c4a800d7d83b75b769/google_crc32c-1.5.0-pp39-pypy39_pp73-manylinux_2_17_x86_64.manylinux2014_x86_64.whl", hash = "sha256:635f5d4dd18758a1fbd1049a8e8d2fee4ffed124462d837d1a02a0e009c3ab31"},
    {url = "https://files.pythonhosted.org/packages/a5/25/c5bb4769b1ef0d74af968c1e24a234066cf0558126dcfa92b0ffd7e21a9a/google_crc32c-1.5.0-cp37-cp37m-macosx_10_9_x86_64.whl", hash = "sha256:98cb4d057f285bd80d8778ebc4fde6b4d509ac3f331758fb1528b733215443ae"},
    {url = "https://files.pythonhosted.org/packages/a6/ba/9826da8b2e4778e963339aed1cff6dfd7efe938011d8eff804b32f5e3e12/google_crc32c-1.5.0-cp39-cp39-macosx_10_9_x86_64.whl", hash = "sha256:759ce4851a4bb15ecabae28f4d2e18983c244eddd767f560165563bf9aefbc8d"},
    {url = "https://files.pythonhosted.org/packages/a9/d0/04f2846f0af1c683eb3b664c9de9543da1e66a791397456a65073b6054a2/google_crc32c-1.5.0-cp310-cp310-manylinux_2_17_x86_64.manylinux2014_x86_64.whl", hash = "sha256:116a7c3c616dd14a3de8c64a965828b197e5f2d121fedd2f8c5585c547e87b02"},
    {url = "https://files.pythonhosted.org/packages/ab/e1/6cd2fbffabc28ba0b611f3c84ae25cf146cf4683852d84737b6256ed2c10/google_crc32c-1.5.0-cp38-cp38-musllinux_1_1_x86_64.whl", hash = "sha256:37933ec6e693e51a5b07505bd05de57eee12f3e8c32b07da7e73669398e6630a"},
    {url = "https://files.pythonhosted.org/packages/ab/ef/48efc65af146635b66e883e3b7cf5a0eafe6e01cfbb1f94bd5e5b73ed2be/google_crc32c-1.5.0-cp38-cp38-win32.whl", hash = "sha256:fe70e325aa68fa4b5edf7d1a4b6f691eb04bbccac0ace68e34820d283b5f80d4"},
    {url = "https://files.pythonhosted.org/packages/ad/42/f8d35568ae119d7485ab5d3838c0aff0739f175d38e319004203e39805b8/google_crc32c-1.5.0-cp38-cp38-win_amd64.whl", hash = "sha256:74dea7751d98034887dbd821b7aae3e1d36eda111d6ca36c206c44478035709c"},
    {url = "https://files.pythonhosted.org/packages/b0/70/1497215cf1d234be473af3b7b8ec0239bcff810b4e00a12fff31240390e4/google_crc32c-1.5.0-cp39-cp39-win32.whl", hash = "sha256:7f57f14606cd1dd0f0de396e1e53824c371e9544a822648cd76c034d209b559c"},
    {url = "https://files.pythonhosted.org/packages/b3/86/0621b9b3a454e53cf4a7ec29bee8fb7bf6927d11bb544d66344fc9e460c3/google_crc32c-1.5.0-cp38-cp38-macosx_10_9_universal2.whl", hash = "sha256:c02ec1c5856179f171e032a31d6f8bf84e5a75c45c33b2e20a3de353b266ebd8"},
    {url = "https://files.pythonhosted.org/packages/b5/9a/a9bc2603a17d4fda1827d7ab0bb18d1eb5b9df80b9e11955ed9f727ace09/google_crc32c-1.5.0-cp310-cp310-macosx_10_9_universal2.whl", hash = "sha256:596d1f98fc70232fcb6590c439f43b350cb762fb5d61ce7b0e9db4539654cc13"},
    {url = "https://files.pythonhosted.org/packages/b7/09/768d2ca0c10a0765f83c6d06a5e40f3083cb75b8e7718ac22edff997aefc/google_crc32c-1.5.0-cp311-cp311-win32.whl", hash = "sha256:66741ef4ee08ea0b2cc3c86916ab66b6aef03768525627fd6a1b34968b4e3709"},
    {url = "https://files.pythonhosted.org/packages/b7/53/0170614ccaf34ac602c877929998dbca4923f0c401f0bea6f0d5a38a3e57/google_crc32c-1.5.0-cp310-cp310-manylinux_2_17_i686.manylinux2014_i686.whl", hash = "sha256:e2096eddb4e7c7bdae4bd69ad364e55e07b8316653234a56552d9c988bd2d61b"},
    {url = "https://files.pythonhosted.org/packages/b9/14/e9ba87ccc931323d79574924bf582633cc467e196bb63a49bc5a75c1dd58/google_crc32c-1.5.0-cp310-cp310-musllinux_1_1_i686.whl", hash = "sha256:64e52e2b3970bd891309c113b54cf0e4384762c934d5ae56e283f9a0afcd953e"},
    {url = "https://files.pythonhosted.org/packages/bb/47/3dd904821181dbd20a8a72732592bf6ad5fb8a9d6b81d118eaf209089c48/google_crc32c-1.5.0-pp38-pypy38_pp73-manylinux_2_17_aarch64.manylinux2014_aarch64.whl", hash = "sha256:9c99616c853bb585301df6de07ca2cadad344fd1ada6d62bb30aec05219c45d2"},
    {url = "https://files.pythonhosted.org/packages/bc/53/488ed34d5e461d5e868a44e1326ef1408f8da5a998a38d896b299b48b7c4/google_crc32c-1.5.0-cp38-cp38-manylinux_2_17_x86_64.manylinux2014_x86_64.whl", hash = "sha256:998679bf62b7fb599d2878aa3ed06b9ce688b8974893e7223c60db155f26bd8d"},
    {url = "https://files.pythonhosted.org/packages/c5/2b/03ed959db876bff7d28aaca36cce8dc1b82e1c9a3e3fc05fea67dd382a8f/google_crc32c-1.5.0-cp38-cp38-manylinux_2_17_i686.manylinux2014_i686.whl", hash = "sha256:024894d9d3cfbc5943f8f230e23950cd4906b2fe004c72e29b209420a1e6b05a"},
    {url = "https://files.pythonhosted.org/packages/ce/8b/02bf4765c487901c8660290ade9929d65a6151c367ba32e75d136ef2d0eb/google_crc32c-1.5.0-cp311-cp311-win_amd64.whl", hash = "sha256:ba1eb1843304b1e5537e1fca632fa894d6f6deca8d6389636ee5b4797affb968"},
    {url = "https://files.pythonhosted.org/packages/d2/b1/e85646501adbc960f9e4695b058286d2fcfd890c9aad3ae73832fdb73911/google_crc32c-1.5.0-cp39-cp39-musllinux_1_1_aarch64.whl", hash = "sha256:d5280312b9af0976231f9e317c20e4a61cd2f9629b7bfea6a693d1878a264ebd"},
    {url = "https://files.pythonhosted.org/packages/d3/a5/4bb58448fffd36ede39684044df93a396c13d1ea3516f585767f9f960352/google-crc32c-1.5.0.tar.gz", hash = "sha256:89284716bc6a5a415d4eaa11b1726d2d60a0cd12aadf5439828353662ede9dd7"},
    {url = "https://files.pythonhosted.org/packages/d7/24/b989665f0a17355461bc34b25a5e95376b3e1c0a044e8cb1f37f7b57b8a9/google_crc32c-1.5.0-cp37-cp37m-manylinux_2_17_i686.manylinux2014_i686.whl", hash = "sha256:19e0a019d2c4dcc5e598cd4a4bc7b008546b0358bd322537c74ad47a5386884f"},
    {url = "https://files.pythonhosted.org/packages/f0/24/6d6ad7630637fc79c0036635ec11f7707f7b14fed5b2d09b8878bf1c7e00/google_crc32c-1.5.0-cp37-cp37m-win_amd64.whl", hash = "sha256:67b741654b851abafb7bc625b6d1cdd520a379074e64b6a128e3b688c3c04740"},
    {url = "https://files.pythonhosted.org/packages/f4/44/6af2ffd9584f424fddd0711cd86f498d42dc5ad3a1f26a339c8535bd6486/google_crc32c-1.5.0-pp37-pypy37_pp73-manylinux_2_17_i686.manylinux2014_i686.whl", hash = "sha256:8f24ed114432de109aa9fd317278518a5af2d31ac2ea6b952b2f7782b43da091"},
    {url = "https://files.pythonhosted.org/packages/f8/b3/59b49d9c5f15172a35f5560b67048eae02a54927e60c370f3b91743b79f6/google_crc32c-1.5.0-cp310-cp310-macosx_10_9_x86_64.whl", hash = "sha256:be82c3c8cfb15b30f36768797a640e800513793d6ae1724aaaafe5bf86f8f346"},
    {url = "https://files.pythonhosted.org/packages/f9/c2/eb43b40e799a9f85a43b358f2b4a2b4d60f8c22a7867aca5d6eb1b88b565/google_crc32c-1.5.0-cp310-cp310-musllinux_1_1_aarch64.whl", hash = "sha256:5829b792bf5822fd0a6f6eb34c5f81dd074f01d570ed7f36aa101d6fc7a0a6e4"},
    {url = "https://files.pythonhosted.org/packages/fc/76/3ef124b893aa280e45e95d2346160f1d1d5c0ffc89d3f6e446c83116fb91/google_crc32c-1.5.0-cp311-cp311-manylinux_2_17_aarch64.manylinux2014_aarch64.whl", hash = "sha256:7c42c70cd1d362284289c6273adda4c6af8039a8ae12dc451dcd61cdabb8ab57"},
    {url = "https://files.pythonhosted.org/packages/fc/7f/b8fc0644c6eea688532a58a0d872d28ea9ffc2fdf93956ce03aa07f19c6b/google_crc32c-1.5.0-cp37-cp37m-musllinux_1_1_i686.whl", hash = "sha256:1e986b206dae4476f41bcec1faa057851f3889503a70e1bdb2378d406223994a"},
    {url = "https://files.pythonhosted.org/packages/fd/71/299a368347aeab3c89896cdfb67703161becbf5afbc1748a1850094828dc/google_crc32c-1.5.0-cp311-cp311-manylinux_2_17_i686.manylinux2014_i686.whl", hash = "sha256:8485b340a6a9e76c62a7dce3c98e5f102c9219f4cfbf896a00cf48caf078d438"},
]
"google-resumable-media 2.4.0" = [
    {url = "https://files.pythonhosted.org/packages/4f/8e/5f42ac809ad8bccca7060132a274d714fbf4e2ef8f2424ef2301a2dbc4fb/google_resumable_media-2.4.0-py2.py3-none-any.whl", hash = "sha256:2aa004c16d295c8f6c33b2b4788ba59d366677c0a25ae7382436cb30f776deaa"},
    {url = "https://files.pythonhosted.org/packages/71/d2/d681d0c192d2948b692f155bc20ee03727ab3a70d541b0c39a327c9689a9/google-resumable-media-2.4.0.tar.gz", hash = "sha256:8d5518502f92b9ecc84ac46779bd4f09694ecb3ba38a3e7ca737a86d15cbca1f"},
]
"googleapis-common-protos 1.56.4" = [
    {url = "https://files.pythonhosted.org/packages/e2/fd/d9efa2085bd762fba3a637eb3e36d76d72eb6e083d170aeaca65a75f1f9c/googleapis_common_protos-1.56.4-py2.py3-none-any.whl", hash = "sha256:8eb2cbc91b69feaf23e32452a7ae60e791e09967d81d4fcc7fc388182d1bd394"},
    {url = "https://files.pythonhosted.org/packages/f0/8e/190b3ac9bc75d6ead661398a07c6d6f013502c364fd6cc3d5c06427b8023/googleapis-common-protos-1.56.4.tar.gz", hash = "sha256:c25873c47279387cfdcbdafa36149887901d36202cb645a0e4f29686bf6e4417"},
]
"idna 3.4" = [
    {url = "https://files.pythonhosted.org/packages/8b/e1/43beb3d38dba6cb420cefa297822eac205a277ab43e5ba5d5c46faf96438/idna-3.4.tar.gz", hash = "sha256:814f528e8dead7d329833b91c5faa87d60bf71824cd12a7530b5526063d02cb4"},
    {url = "https://files.pythonhosted.org/packages/fc/34/3030de6f1370931b9dbb4dad48f6ab1015ab1d32447850b9fc94e60097be/idna-3.4-py3-none-any.whl", hash = "sha256:90b77e79eaa3eba6de819a0c442c0b4ceefc341a7a2ab77d7562bf49f425c5c2"},
]
"protobuf 4.21.9" = [
    {url = "https://files.pythonhosted.org/packages/05/2a/46e6094e8fb423de393fce77799f6802a7baae7c98c42cefdf5372e71752/protobuf-4.21.9-cp37-cp37m-win32.whl", hash = "sha256:9227c14010acd9ae7702d6467b4625b6fe853175a6b150e539b21d2b2f2b409c"},
    {url = "https://files.pythonhosted.org/packages/0b/c3/bfe27bff58e895261e5054f38e9f12fcccd67d70ccad66c22ba987b17fc9/protobuf-4.21.9-py3-none-any.whl", hash = "sha256:48e2cd6b88c6ed3d5877a3ea40df79d08374088e89bedc32557348848dff250b"},
    {url = "https://files.pythonhosted.org/packages/0f/cd/165eaac1c43a5ba391a36087dc909e03c3ae3f7dbcab74f287631208ba92/protobuf-4.21.9.tar.gz", hash = "sha256:61f21493d96d2a77f9ca84fefa105872550ab5ef71d21c458eb80edcf4885a99"},
    {url = "https://files.pythonhosted.org/packages/40/58/911f1956915cc7b3c0a922ddcccec69cc199302ae4097c3027d529e6175e/protobuf-4.21.9-cp38-cp38-win32.whl", hash = "sha256:5b0834e61fb38f34ba8840d7dcb2e5a2f03de0c714e0293b3963b79db26de8ce"},
    {url = "https://files.pythonhosted.org/packages/58/f2/376e6359b3545d764128d3570292c06be010305f767029d3476331b611e3/protobuf-4.21.9-cp39-cp39-win32.whl", hash = "sha256:f9eae277dd240ae19bb06ff4e2346e771252b0e619421965504bd1b1bba7c5fa"},
    {url = "https://files.pythonhosted.org/packages/72/be/58a9276ec3b331270ab4bec14e891a9593f9bf7764c36bf1498f577b930d/protobuf-4.21.9-cp38-cp38-win_amd64.whl", hash = "sha256:84ea107016244dfc1eecae7684f7ce13c788b9a644cd3fca5b77871366556444"},
    {url = "https://files.pythonhosted.org/packages/74/11/d8e34deda056e91bfc470ad759e94e61ee1d7df092c33392a956820bc7cb/protobuf-4.21.9-py2.py3-none-any.whl", hash = "sha256:7eb8f2cc41a34e9c956c256e3ac766cf4e1a4c9c925dc757a41a01be3e852965"},
    {url = "https://files.pythonhosted.org/packages/74/44/ec74b5c0dcc9725545212d13216fe7550377b1600cac9b2bbb21cbd625d7/protobuf-4.21.9-cp37-abi3-macosx_10_9_universal2.whl", hash = "sha256:b5ab0b8918c136345ff045d4b3d5f719b505b7c8af45092d7f45e304f55e50a1"},
    {url = "https://files.pythonhosted.org/packages/bb/8f/e6e1a4c3d3fc15bb44e1c2b875e55932d87dbf9cc1b478561c585671c366/protobuf-4.21.9-cp310-abi3-win_amd64.whl", hash = "sha256:a7d0ea43949d45b836234f4ebb5ba0b22e7432d065394b532cdca8f98415e3cf"},
    {url = "https://files.pythonhosted.org/packages/cf/6a/4122e1573681e2af2a96ed42de28da48361a64ebb324039354186723dbf1/protobuf-4.21.9-cp310-abi3-win32.whl", hash = "sha256:6e0be9f09bf9b6cf497b27425487706fa48c6d1632ddd94dab1a5fe11a422392"},
    {url = "https://files.pythonhosted.org/packages/ea/7c/554ebfedfb9d1800afbd7522858239aae1ac3314527a85f0683db65180df/protobuf-4.21.9-cp37-abi3-manylinux2014_aarch64.whl", hash = "sha256:2c9c2ed7466ad565f18668aa4731c535511c5d9a40c6da39524bccf43e441719"},
    {url = "https://files.pythonhosted.org/packages/f8/4a/b00d23f38888cde5291935e27bae8a803c8ab5011487416167e4f2a11fe2/protobuf-4.21.9-cp37-cp37m-win_amd64.whl", hash = "sha256:a419cc95fca8694804709b8c4f2326266d29659b126a93befe210f5bbc772536"},
    {url = "https://files.pythonhosted.org/packages/fe/00/2bd2cb913a9b69b1379f1c18b6cae88b9e5f337a44b9e84b7c6bf0962c83/protobuf-4.21.9-cp37-abi3-manylinux2014_x86_64.whl", hash = "sha256:e575c57dc8b5b2b2caa436c16d44ef6981f2235eb7179bfc847557886376d740"},
    {url = "https://files.pythonhosted.org/packages/ff/ca/4a1279645131a63fdbd6c24256fe4fbeddb9dc938a68c4f31f40b43e61d7/protobuf-4.21.9-cp39-cp39-win_amd64.whl", hash = "sha256:6e312e280fbe3c74ea9e080d9e6080b636798b5e3939242298b591064470b06b"},
]
"pyasn1 0.4.8" = [
    {url = "https://files.pythonhosted.org/packages/62/1e/a94a8d635fa3ce4cfc7f506003548d0a2447ae76fd5ca53932970fe3053f/pyasn1-0.4.8-py2.py3-none-any.whl", hash = "sha256:39c7e2ec30515947ff4e87fb6f456dfc6e84857d34be479c9d4a4ba4bf46aa5d"},
    {url = "https://files.pythonhosted.org/packages/a4/db/fffec68299e6d7bad3d504147f9094830b704527a7fc098b721d38cc7fa7/pyasn1-0.4.8.tar.gz", hash = "sha256:aef77c9fb94a3ac588e87841208bdec464471d9871bd5050a287cc9a475cd0ba"},
]
"pyasn1-modules 0.2.8" = [
    {url = "https://files.pythonhosted.org/packages/88/87/72eb9ccf8a58021c542de2588a867dbefc7556e14b2866d1e40e9e2b587e/pyasn1-modules-0.2.8.tar.gz", hash = "sha256:905f84c712230b2c592c19470d3ca8d552de726050d1d1716282a1f6146be65e"},
    {url = "https://files.pythonhosted.org/packages/95/de/214830a981892a3e286c3794f41ae67a4495df1108c3da8a9f62159b9a9d/pyasn1_modules-0.2.8-py2.py3-none-any.whl", hash = "sha256:a50b808ffeb97cb3601dd25981f6b016cbb3d31fbf57a8b8a87428e6158d0c74"},
]
"python-dateutil 2.8.2" = [
    {url = "https://files.pythonhosted.org/packages/36/7a/87837f39d0296e723bb9b62bbb257d0355c7f6128853c78955f57342a56d/python_dateutil-2.8.2-py2.py3-none-any.whl", hash = "sha256:961d03dc3453ebbc59dbdea9e4e11c5651520a876d0f4db161e8674aae935da9"},
    {url = "https://files.pythonhosted.org/packages/4c/c4/13b4776ea2d76c115c1d1b84579f3764ee6d57204f6be27119f13a61d0a9/python-dateutil-2.8.2.tar.gz", hash = "sha256:0123cacc1627ae19ddf3c27a5de5bd67ee4586fbdd6440d9748f8abb483d3e86"},
]
"pytz 2022.6" = [
    {url = "https://files.pythonhosted.org/packages/76/63/1be349ff0a44e4795d9712cc0b2d806f5e063d4d34631b71b832fac715a8/pytz-2022.6.tar.gz", hash = "sha256:e89512406b793ca39f5971bc999cc538ce125c0e51c27941bef4568b460095e2"},
    {url = "https://files.pythonhosted.org/packages/85/ac/92f998fc52a70afd7f6b788142632afb27cd60c8c782d1452b7466603332/pytz-2022.6-py2.py3-none-any.whl", hash = "sha256:222439474e9c98fced559f1709d89e6c9cbf8d79c794ff3eb9f8800064291427"},
]
"requests 2.28.1" = [
    {url = "https://files.pythonhosted.org/packages/a5/61/a867851fd5ab77277495a8709ddda0861b28163c4613b011bc00228cc724/requests-2.28.1.tar.gz", hash = "sha256:7c5599b102feddaa661c826c56ab4fee28bfd17f5abca1ebbe3e7f19d7c97983"},
    {url = "https://files.pythonhosted.org/packages/ca/91/6d9b8ccacd0412c08820f72cebaa4f0c0441b5cda699c90f618b6f8a1b42/requests-2.28.1-py3-none-any.whl", hash = "sha256:8fefa2a1a1365bf5520aac41836fbee479da67864514bdb821f31ce07ce65349"},
]
"rsa 4.9" = [
    {url = "https://files.pythonhosted.org/packages/49/97/fa78e3d2f65c02c8e1268b9aba606569fe97f6c8f7c2d74394553347c145/rsa-4.9-py3-none-any.whl", hash = "sha256:90260d9058e514786967344d0ef75fa8727eed8a7d2e43ce9f4bcf1b536174f7"},
    {url = "https://files.pythonhosted.org/packages/aa/65/7d973b89c4d2351d7fb232c2e452547ddfa243e93131e7cfa766da627b52/rsa-4.9.tar.gz", hash = "sha256:e38464a49c6c85d7f1351b0126661487a7e0a14a50f1675ec50eb34d4f20ef21"},
]
"six 1.16.0" = [
    {url = "https://files.pythonhosted.org/packages/71/39/171f1c67cd00715f190ba0b100d606d440a28c93c7714febeca8b79af85e/six-1.16.0.tar.gz", hash = "sha256:1e61c37477a1626458e36f7b1d82aa5c9b094fa4802892072e49de9c60c4c926"},
    {url = "https://files.pythonhosted.org/packages/d9/5a/e7c31adbe875f2abbb91bd84cf2dc52d792b5a01506781dbcf25c91daf11/six-1.16.0-py2.py3-none-any.whl", hash = "sha256:8abb2f1d86890a2dfb989f9a77cfcfd3e47c2a354b01111771326f8aa26e0254"},
]
"urllib3 1.26.12" = [
    {url = "https://files.pythonhosted.org/packages/6f/de/5be2e3eed8426f871b170663333a0f627fc2924cc386cd41be065e7ea870/urllib3-1.26.12-py2.py3-none-any.whl", hash = "sha256:b930dd878d5a8afb066a637fbb35144fe7901e3b209d1cd4f524bd0e9deee997"},
    {url = "https://files.pythonhosted.org/packages/b2/56/d87d6d3c4121c0bcec116919350ca05dc3afd2eeb7dc88d07e8083f8ea94/urllib3-1.26.12.tar.gz", hash = "sha256:3fa96cf423e6987997fc326ae8df396db2a8b7c667747d47ddd8ecba91f4a74e"},
]
"zenpy 2.0.25" = [
    {url = "https://files.pythonhosted.org/packages/66/a5/5c5366d603e14107b52938838b80fb51059dd40166ac4ea79f452aa5bd56/zenpy-2.0.25.tar.gz", hash = "sha256:0b41998811cdcab997523c1fed40edb5ef21c4a2046d9cf7209933343222ff9b"},
]
